
Microsoft Visual Studio Solution File, Format Version 12.00
# Visual Studio Version 17
VisualStudioVersion = 17.2.32616.157
MinimumVisualStudioVersion = 10.0.40219.1
Project("{8BC9CEB8-8B4A-11D0-8D11-00A0C91BC942}") = "2.0_BasicCpp_Diablo_III", "2.0_BasicCpp_Diablo_III.vcxproj", "{755FE0E8-C4E1-4CA0-ACAD-B88C60807FEC}"
EndProject
Global
	GlobalSection(SolutionConfigurationPlatforms) = preSolution
		Debug|x64 = Debug|x64
		Debug|x86 = Debug|x86
		Release|x64 = Release|x64
		Release|x86 = Release|x86
	EndGlobalSection
	GlobalSection(ProjectConfigurationPlatforms) = postSolution
		{755FE0E8-C4E1-4CA0-ACAD-B88C60807FEC}.Debug|x64.ActiveCfg = Debug|x64
		{755FE0E8-C4E1-4CA0-ACAD-B88C60807FEC}.Debug|x64.Build.0 = Debug|x64
		{755FE0E8-C4E1-4CA0-ACAD-B88C60807FEC}.Debug|x86.ActiveCfg = Debug|Win32
		{755FE0E8-C4E1-4CA0-ACAD-B88C60807FEC}.Debug|x86.Build.0 = Debug|Win32
		{755FE0E8-C4E1-4CA0-ACAD-B88C60807FEC}.Release|x64.ActiveCfg = Release|x64
		{755FE0E8-C4E1-4CA0-ACAD-B88C60807FEC}.Release|x64.Build.0 = Release|x64
		{755FE0E8-C4E1-4CA0-ACAD-B88C60807FEC}.Release|x86.ActiveCfg = Release|Win32
		{755FE0E8-C4E1-4CA0-ACAD-B88C60807FEC}.Release|x86.Build.0 = Release|Win32
	EndGlobalSection
	GlobalSection(SolutionProperties) = preSolution
		HideSolutionNode = FALSE
	EndGlobalSection
	GlobalSection(ExtensibilityGlobals) = postSolution
		SolutionGuid = {BBE9E216-80CB-493B-B758-96E2BC265F28}
	EndGlobalSection
EndGlobal
